
Microsoft Visual Studio Solution File, Format Version 12.00
# Visual Studio Version 16
VisualStudioVersion = 16.0.29102.190
MinimumVisualStudioVersion = 10.0.40219.1
Project("{9A19103F-16F7-4668-BE54-9A1E7A4F7556}") = "User.Api", "User.Api\User.Api.csproj", "{BA20CF3F-F418-4209-9FAE-D81A796FAF84}"
EndProject
Project("{9A19103F-16F7-4668-BE54-9A1E7A4F7556}") = "Task.Api", "Task.Api\Task.Api.csproj", "{F5527029-2173-4F7A-B6B1-C757FBC63BD2}"
EndProject
Project("{9A19103F-16F7-4668-BE54-9A1E7A4F7556}") = "Torre.Web", "Torre.Web\Torre.Web.csproj", "{4576B91D-651D-41C1-AB65-B62EB4EDF5E0}"
EndProject
Global
	GlobalSection(SolutionConfigurationPlatforms) = preSolution
		Debug|Any CPU = Debug|Any CPU
		Release|Any CPU = Release|Any CPU
	EndGlobalSection
	GlobalSection(ProjectConfigurationPlatforms) = postSolution
		{BA20CF3F-F418-4209-9FAE-D81A796FAF84}.Debug|Any CPU.ActiveCfg = Debug|Any CPU
		{BA20CF3F-F418-4209-9FAE-D81A796FAF84}.Debug|Any CPU.Build.0 = Debug|Any CPU
		{BA20CF3F-F418-4209-9FAE-D81A796FAF84}.Release|Any CPU.ActiveCfg = Release|Any CPU
		{BA20CF3F-F418-4209-9FAE-D81A796FAF84}.Release|Any CPU.Build.0 = Release|Any CPU
		{F5527029-2173-4F7A-B6B1-C757FBC63BD2}.Debug|Any CPU.ActiveCfg = Debug|Any CPU
		{F5527029-2173-4F7A-B6B1-C757FBC63BD2}.Debug|Any CPU.Build.0 = Debug|Any CPU
		{F5527029-2173-4F7A-B6B1-C757FBC63BD2}.Release|Any CPU.ActiveCfg = Release|Any CPU
		{F5527029-2173-4F7A-B6B1-C757FBC63BD2}.Release|Any CPU.Build.0 = Release|Any CPU
		{4576B91D-651D-41C1-AB65-B62EB4EDF5E0}.Debug|Any CPU.ActiveCfg = Debug|Any CPU
		{4576B91D-651D-41C1-AB65-B62EB4EDF5E0}.Debug|Any CPU.Build.0 = Debug|Any CPU
		{4576B91D-651D-41C1-AB65-B62EB4EDF5E0}.Release|Any CPU.ActiveCfg = Release|Any CPU
		{4576B91D-651D-41C1-AB65-B62EB4EDF5E0}.Release|Any CPU.Build.0 = Release|Any CPU
	EndGlobalSection
	GlobalSection(SolutionProperties) = preSolution
		HideSolutionNode = FALSE
	EndGlobalSection
	GlobalSection(ExtensibilityGlobals) = postSolution
		SolutionGuid = {B8B8C980-1E4E-420A-9016-516E69010790}
	EndGlobalSection
EndGlobal
